{
  "name": "tictactoe-react-node",
  "version": "1.0.0",
  "lockfileVersion": 1,
  "requires": true,
  "dependencies": {
    "tic-tac-toe-detect-winner": {
      "version": "1.0.2",
      "resolved": "https://registry.npmjs.org/tic-tac-toe-detect-winner/-/tic-tac-toe-detect-winner-1.0.2.tgz",
      "integrity": "sha512-ghfz+qBfgyTFbvZsi4yY3d5earJzdqtifoOGGMh2hAh6iSXI3X54Xc9SOQZF9GX1D4RLgbLGN290Hg8IrtSx5g=="
    }
  }
}
